
Microsoft Visual Studio Solution File, Format Version 12.00
# Visual Studio Version 17
VisualStudioVersion = 17.1.32421.90
MinimumVisualStudioVersion = 10.0.40219.1
Project("{D954291E-2A0B-460D-934E-DC6B0785DB48}") = "MenuFlyoutItemTemplateBindingBug.Shared", "MenuFlyoutItemTemplateBindingBug\MenuFlyoutItemTemplateBindingBug.Shared\MenuFlyoutItemTemplateBindingBug.Shared.shproj", "{6279C845-92F8-4333-AB99-3D213163593C}"
EndProject
Project("{2150E333-8FDC-42A3-9474-1A3956D46DE8}") = "Platforms", "Platforms", "{129E8374-6E0F-4E27-B15C-2CFCBF18655B}"
EndProject
Project("{FAE04EC0-301F-11D3-BF4B-00C04F79EFBC}") = "MenuFlyoutItemTemplateBindingBug.Droid", "MenuFlyoutItemTemplateBindingBug\MenuFlyoutItemTemplateBindingBug.Droid\MenuFlyoutItemTemplateBindingBug.Droid.csproj", "{D15599C8-3D59-463F-A39A-A9108E084098}"
EndProject
Project("{FAE04EC0-301F-11D3-BF4B-00C04F79EFBC}") = "MenuFlyoutItemTemplateBindingBug.iOS", "MenuFlyoutItemTemplateBindingBug\MenuFlyoutItemTemplateBindingBug.iOS\MenuFlyoutItemTemplateBindingBug.iOS.csproj", "{5E21BB13-6CC3-4BD7-9A80-EB789D48CEEE}"
EndProject
Project("{FAE04EC0-301F-11D3-BF4B-00C04F79EFBC}") = "MenuFlyoutItemTemplateBindingBug.UWP", "MenuFlyoutItemTemplateBindingBug\MenuFlyoutItemTemplateBindingBug.UWP\MenuFlyoutItemTemplateBindingBug.UWP.csproj", "{D194E108-6B5A-4BEE-9899-7ACB2A9E0484}"
EndProject
Project("{FAE04EC0-301F-11D3-BF4B-00C04F79EFBC}") = "MenuFlyoutItemTemplateBindingBug.Wasm", "MenuFlyoutItemTemplateBindingBug\MenuFlyoutItemTemplateBindingBug.Wasm\MenuFlyoutItemTemplateBindingBug.Wasm.csproj", "{0C5B9186-878C-467D-A4D2-4F97A63A1459}"
EndProject
Project("{FAE04EC0-301F-11D3-BF4B-00C04F79EFBC}") = "MenuFlyoutItemTemplateBindingBug.macOS", "MenuFlyoutItemTemplateBindingBug\MenuFlyoutItemTemplateBindingBug.macOS\MenuFlyoutItemTemplateBindingBug.macOS.csproj", "{325095C2-664E-40AE-9ACD-A80C54717B2E}"
EndProject
Project("{FAE04EC0-301F-11D3-BF4B-00C04F79EFBC}") = "MenuFlyoutItemTemplateBindingBug.Skia.Wpf.Host", "MenuFlyoutItemTemplateBindingBug\MenuFlyoutItemTemplateBindingBug.Skia.Wpf.Host\MenuFlyoutItemTemplateBindingBug.Skia.Wpf.Host.csproj", "{7483C4DF-8F32-4A16-9905-C8FC79FB3BAA}"
EndProject
Project("{FAE04EC0-301F-11D3-BF4B-00C04F79EFBC}") = "MenuFlyoutItemTemplateBindingBug.Skia.Wpf", "MenuFlyoutItemTemplateBindingBug\MenuFlyoutItemTemplateBindingBug.Skia.Wpf\MenuFlyoutItemTemplateBindingBug.Skia.Wpf.csproj", "{21F3575A-80C4-462B-88E7-68044A729723}"
EndProject
Project("{FAE04EC0-301F-11D3-BF4B-00C04F79EFBC}") = "MenuFlyoutItemTemplateBindingBug.Skia.Gtk", "MenuFlyoutItemTemplateBindingBug\MenuFlyoutItemTemplateBindingBug.Skia.Gtk\MenuFlyoutItemTemplateBindingBug.Skia.Gtk.csproj", "{1957DCC7-0AF8-4D95-8006-608D4DCC7B4C}"
EndProject
Project("{FAE04EC0-301F-11D3-BF4B-00C04F79EFBC}") = "MenuFlyoutItemTemplateBindingBug.Skia.Tizen", "MenuFlyoutItemTemplateBindingBug\MenuFlyoutItemTemplateBindingBug.Skia.Tizen\MenuFlyoutItemTemplateBindingBug.Skia.Tizen.csproj", "{E995F8A8-B830-49B5-9367-2109822287F0}"
EndProject
Global
	GlobalSection(SharedMSBuildProjectFiles) = preSolution
		MenuFlyoutItemTemplateBindingBug\MenuFlyoutItemTemplateBindingBug.Shared\MenuFlyoutItemTemplateBindingBug.Shared.projitems*{0c5b9186-878c-467d-a4d2-4f97a63a1459}*SharedItemsImports = 5
		MenuFlyoutItemTemplateBindingBug\MenuFlyoutItemTemplateBindingBug.Shared\MenuFlyoutItemTemplateBindingBug.Shared.projitems*{1957dcc7-0af8-4d95-8006-608d4dcc7b4c}*SharedItemsImports = 5
		MenuFlyoutItemTemplateBindingBug\MenuFlyoutItemTemplateBindingBug.Shared\MenuFlyoutItemTemplateBindingBug.Shared.projitems*{21f3575a-80c4-462b-88e7-68044a729723}*SharedItemsImports = 5
		MenuFlyoutItemTemplateBindingBug\MenuFlyoutItemTemplateBindingBug.Shared\MenuFlyoutItemTemplateBindingBug.Shared.projitems*{325095c2-664e-40ae-9acd-a80c54717b2e}*SharedItemsImports = 4
		MenuFlyoutItemTemplateBindingBug\MenuFlyoutItemTemplateBindingBug.Shared\MenuFlyoutItemTemplateBindingBug.Shared.projitems*{5e21bb13-6cc3-4bd7-9a80-eb789d48ceee}*SharedItemsImports = 4
		MenuFlyoutItemTemplateBindingBug\MenuFlyoutItemTemplateBindingBug.Shared\MenuFlyoutItemTemplateBindingBug.Shared.projitems*{6279c845-92f8-4333-ab99-3d213163593c}*SharedItemsImports = 13
		MenuFlyoutItemTemplateBindingBug\MenuFlyoutItemTemplateBindingBug.Shared\MenuFlyoutItemTemplateBindingBug.Shared.projitems*{d15599c8-3d59-463f-a39a-a9108e084098}*SharedItemsImports = 4
		MenuFlyoutItemTemplateBindingBug\MenuFlyoutItemTemplateBindingBug.Shared\MenuFlyoutItemTemplateBindingBug.Shared.projitems*{d194e108-6b5a-4bee-9899-7acb2a9e0484}*SharedItemsImports = 4
		MenuFlyoutItemTemplateBindingBug\MenuFlyoutItemTemplateBindingBug.Shared\MenuFlyoutItemTemplateBindingBug.Shared.projitems*{e995f8a8-b830-49b5-9367-2109822287f0}*SharedItemsImports = 5
	EndGlobalSection
	GlobalSection(SolutionConfigurationPlatforms) = preSolution
		Ad-Hoc|Any CPU = Ad-Hoc|Any CPU
		Ad-Hoc|ARM = Ad-Hoc|ARM
		Ad-Hoc|ARM64 = Ad-Hoc|ARM64
		Ad-Hoc|iPhone = Ad-Hoc|iPhone
		Ad-Hoc|iPhoneSimulator = Ad-Hoc|iPhoneSimulator
		Ad-Hoc|x64 = Ad-Hoc|x64
		Ad-Hoc|x86 = Ad-Hoc|x86
		AppStore|Any CPU = AppStore|Any CPU
		AppStore|ARM = AppStore|ARM
		AppStore|ARM64 = AppStore|ARM64
		AppStore|iPhone = AppStore|iPhone
		AppStore|iPhoneSimulator = AppStore|iPhoneSimulator
		AppStore|x64 = AppStore|x64
		AppStore|x86 = AppStore|x86
		Debug|Any CPU = Debug|Any CPU
		Debug|ARM = Debug|ARM
		Debug|ARM64 = Debug|ARM64
		Debug|iPhone = Debug|iPhone
		Debug|iPhoneSimulator = Debug|iPhoneSimulator
		Debug|x64 = Debug|x64
		Debug|x86 = Debug|x86
		Release|Any CPU = Release|Any CPU
		Release|ARM = Release|ARM
		Release|ARM64 = Release|ARM64
		Release|iPhone = Release|iPhone
		Release|iPhoneSimulator = Release|iPhoneSimulator
		Release|x64 = Release|x64
		Release|x86 = Release|x86
	EndGlobalSection
	GlobalSection(ProjectConfigurationPlatforms) = postSolution
		{D15599C8-3D59-463F-A39A-A9108E084098}.Ad-Hoc|Any CPU.ActiveCfg = Debug|Any CPU
		{D15599C8-3D59-463F-A39A-A9108E084098}.Ad-Hoc|Any CPU.Build.0 = Debug|Any CPU
		{D15599C8-3D59-463F-A39A-A9108E084098}.Ad-Hoc|Any CPU.Deploy.0 = Debug|Any CPU
		{D15599C8-3D59-463F-A39A-A9108E084098}.Ad-Hoc|ARM.ActiveCfg = Debug|Any CPU
		{D15599C8-3D59-463F-A39A-A9108E084098}.Ad-Hoc|ARM.Build.0 = Debug|Any CPU
		{D15599C8-3D59-463F-A39A-A9108E084098}.Ad-Hoc|ARM.Deploy.0 = Debug|Any CPU
		{D15599C8-3D59-463F-A39A-A9108E084098}.Ad-Hoc|ARM64.ActiveCfg = Debug|Any CPU
		{D15599C8-3D59-463F-A39A-A9108E084098}.Ad-Hoc|ARM64.Build.0 = Debug|Any CPU
		{D15599C8-3D59-463F-A39A-A9108E084098}.Ad-Hoc|ARM64.Deploy.0 = Debug|Any CPU
		{D15599C8-3D59-463F-A39A-A9108E084098}.Ad-Hoc|iPhone.ActiveCfg = Debug|Any CPU
		{D15599C8-3D59-463F-A39A-A9108E084098}.Ad-Hoc|iPhone.Build.0 = Debug|Any CPU
		{D15599C8-3D59-463F-A39A-A9108E084098}.Ad-Hoc|iPhone.Deploy.0 = Debug|Any CPU
		{D15599C8-3D59-463F-A39A-A9108E084098}.Ad-Hoc|iPhoneSimulator.ActiveCfg = Debug|Any CPU
		{D15599C8-3D59-463F-A39A-A9108E084098}.Ad-Hoc|iPhoneSimulator.Build.0 = Debug|Any CPU
		{D15599C8-3D59-463F-A39A-A9108E084098}.Ad-Hoc|iPhoneSimulator.Deploy.0 = Debug|Any CPU
		{D15599C8-3D59-463F-A39A-A9108E084098}.Ad-Hoc|x64.ActiveCfg = Debug|Any CPU
		{D15599C8-3D59-463F-A39A-A9108E084098}.Ad-Hoc|x64.Build.0 = Debug|Any CPU
		{D15599C8-3D59-463F-A39A-A9108E084098}.Ad-Hoc|x64.Deploy.0 = Debug|Any CPU
		{D15599C8-3D59-463F-A39A-A9108E084098}.Ad-Hoc|x86.ActiveCfg = Debug|Any CPU
		{D15599C8-3D59-463F-A39A-A9108E084098}.Ad-Hoc|x86.Build.0 = Debug|Any CPU
		{D15599C8-3D59-463F-A39A-A9108E084098}.Ad-Hoc|x86.Deploy.0 = Debug|Any CPU
		{D15599C8-3D59-463F-A39A-A9108E084098}.AppStore|Any CPU.ActiveCfg = Debug|Any CPU
		{D15599C8-3D59-463F-A39A-A9108E084098}.AppStore|Any CPU.Build.0 = Debug|Any CPU
		{D15599C8-3D59-463F-A39A-A9108E084098}.AppStore|Any CPU.Deploy.0 = Debug|Any CPU
		{D15599C8-3D59-463F-A39A-A9108E084098}.AppStore|ARM.ActiveCfg = Debug|Any CPU
		{D15599C8-3D59-463F-A39A-A9108E084098}.AppStore|ARM.Build.0 = Debug|Any CPU
		{D15599C8-3D59-463F-A39A-A9108E084098}.AppStore|ARM.Deploy.0 = Debug|Any CPU
		{D15599C8-3D59-463F-A39A-A9108E084098}.AppStore|ARM64.ActiveCfg = Debug|Any CPU
		{D15599C8-3D59-463F-A39A-A9108E084098}.AppStore|ARM64.Build.0 = Debug|Any CPU
		{D15599C8-3D59-463F-A39A-A9108E084098}.AppStore|ARM64.Deploy.0 = Debug|Any CPU
		{D15599C8-3D59-463F-A39A-A9108E084098}.AppStore|iPhone.ActiveCfg = Debug|Any CPU
		{D15599C8-3D59-463F-A39A-A9108E084098}.AppStore|iPhone.Build.0 = Debug|Any CPU
		{D15599C8-3D59-463F-A39A-A9108E084098}.AppStore|iPhone.Deploy.0 = Debug|Any CPU
		{D15599C8-3D59-463F-A39A-A9108E084098}.AppStore|iPhoneSimulator.ActiveCfg = Debug|Any CPU
		{D15599C8-3D59-463F-A39A-A9108E084098}.AppStore|iPhoneSimulator.Build.0 = Debug|Any CPU
		{D15599C8-3D59-463F-A39A-A9108E084098}.AppStore|iPhoneSimulator.Deploy.0 = Debug|Any CPU
		{D15599C8-3D59-463F-A39A-A9108E084098}.AppStore|x64.ActiveCfg = Debug|Any CPU
		{D15599C8-3D59-463F-A39A-A9108E084098}.AppStore|x64.Build.0 = Debug|Any CPU
		{D15599C8-3D59-463F-A39A-A9108E084098}.AppStore|x64.Deploy.0 = Debug|Any CPU
		{D15599C8-3D59-463F-A39A-A9108E084098}.AppStore|x86.ActiveCfg = Debug|Any CPU
		{D15599C8-3D59-463F-A39A-A9108E084098}.AppStore|x86.Build.0 = Debug|Any CPU
		{D15599C8-3D59-463F-A39A-A9108E084098}.AppStore|x86.Deploy.0 = Debug|Any CPU
		{D15599C8-3D59-463F-A39A-A9108E084098}.Debug|Any CPU.ActiveCfg = Debug|Any CPU
		{D15599C8-3D59-463F-A39A-A9108E084098}.Debug|Any CPU.Build.0 = Debug|Any CPU
		{D15599C8-3D59-463F-A39A-A9108E084098}.Debug|Any CPU.Deploy.0 = Debug|Any CPU
		{D15599C8-3D59-463F-A39A-A9108E084098}.Debug|ARM.ActiveCfg = Debug|Any CPU
		{D15599C8-3D59-463F-A39A-A9108E084098}.Debug|ARM.Build.0 = Debug|Any CPU
		{D15599C8-3D59-463F-A39A-A9108E084098}.Debug|ARM.Deploy.0 = Debug|Any CPU
		{D15599C8-3D59-463F-A39A-A9108E084098}.Debug|ARM64.ActiveCfg = Debug|Any CPU
		{D15599C8-3D59-463F-A39A-A9108E084098}.Debug|ARM64.Build.0 = Debug|Any CPU
		{D15599C8-3D59-463F-A39A-A9108E084098}.Debug|ARM64.Deploy.0 = Debug|Any CPU
		{D15599C8-3D59-463F-A39A-A9108E084098}.Debug|iPhone.ActiveCfg = Debug|Any CPU
		{D15599C8-3D59-463F-A39A-A9108E084098}.Debug|iPhone.Build.0 = Debug|Any CPU
		{D15599C8-3D59-463F-A39A-A9108E084098}.Debug|iPhone.Deploy.0 = Debug|Any CPU
		{D15599C8-3D59-463F-A39A-A9108E084098}.Debug|iPhoneSimulator.ActiveCfg = Debug|Any CPU
		{D15599C8-3D59-463F-A39A-A9108E084098}.Debug|iPhoneSimulator.Build.0 = Debug|Any CPU
		{D15599C8-3D59-463F-A39A-A9108E084098}.Debug|iPhoneSimulator.Deploy.0 = Debug|Any CPU
		{D15599C8-3D59-463F-A39A-A9108E084098}.Debug|x64.ActiveCfg = Debug|Any CPU
		{D15599C8-3D59-463F-A39A-A9108E084098}.Debug|x64.Build.0 = Debug|Any CPU
		{D15599C8-3D59-463F-A39A-A9108E084098}.Debug|x64.Deploy.0 = Debug|Any CPU
		{D15599C8-3D59-463F-A39A-A9108E084098}.Debug|x86.ActiveCfg = Debug|Any CPU
		{D15599C8-3D59-463F-A39A-A9108E084098}.Debug|x86.Build.0 = Debug|Any CPU
		{D15599C8-3D59-463F-A39A-A9108E084098}.Debug|x86.Deploy.0 = Debug|Any CPU
		{D15599C8-3D59-463F-A39A-A9108E084098}.Release|Any CPU.ActiveCfg = Release|Any CPU
		{D15599C8-3D59-463F-A39A-A9108E084098}.Release|Any CPU.Build.0 = Release|Any CPU
		{D15599C8-3D59-463F-A39A-A9108E084098}.Release|Any CPU.Deploy.0 = Release|Any CPU
		{D15599C8-3D59-463F-A39A-A9108E084098}.Release|ARM.ActiveCfg = Release|Any CPU
		{D15599C8-3D59-463F-A39A-A9108E084098}.Release|ARM.Build.0 = Release|Any CPU
		{D15599C8-3D59-463F-A39A-A9108E084098}.Release|ARM.Deploy.0 = Release|Any CPU
		{D15599C8-3D59-463F-A39A-A9108E084098}.Release|ARM64.ActiveCfg = Release|Any CPU
		{D15599C8-3D59-463F-A39A-A9108E084098}.Release|ARM64.Build.0 = Release|Any CPU
		{D15599C8-3D59-463F-A39A-A9108E084098}.Release|ARM64.Deploy.0 = Release|Any CPU
		{D15599C8-3D59-463F-A39A-A9108E084098}.Release|iPhone.ActiveCfg = Release|Any CPU
		{D15599C8-3D59-463F-A39A-A9108E084098}.Release|iPhone.Build.0 = Release|Any CPU
		{D15599C8-3D59-463F-A39A-A9108E084098}.Release|iPhone.Deploy.0 = Release|Any CPU
		{D15599C8-3D59-463F-A39A-A9108E084098}.Release|iPhoneSimulator.ActiveCfg = Release|Any CPU
		{D15599C8-3D59-463F-A39A-A9108E084098}.Release|iPhoneSimulator.Build.0 = Release|Any CPU
		{D15599C8-3D59-463F-A39A-A9108E084098}.Release|iPhoneSimulator.Deploy.0 = Release|Any CPU
		{D15599C8-3D59-463F-A39A-A9108E084098}.Release|x64.ActiveCfg = Release|Any CPU
		{D15599C8-3D59-463F-A39A-A9108E084098}.Release|x64.Build.0 = Release|Any CPU
		{D15599C8-3D59-463F-A39A-A9108E084098}.Release|x64.Deploy.0 = Release|Any CPU
		{D15599C8-3D59-463F-A39A-A9108E084098}.Release|x86.ActiveCfg = Release|Any CPU
		{D15599C8-3D59-463F-A39A-A9108E084098}.Release|x86.Build.0 = Release|Any CPU
		{D15599C8-3D59-463F-A39A-A9108E084098}.Release|x86.Deploy.0 = Release|Any CPU
		{5E21BB13-6CC3-4BD7-9A80-EB789D48CEEE}.Ad-Hoc|Any CPU.ActiveCfg = Ad-Hoc|iPhoneSimulator
		{5E21BB13-6CC3-4BD7-9A80-EB789D48CEEE}.Ad-Hoc|Any CPU.Build.0 = Ad-Hoc|iPhoneSimulator
		{5E21BB13-6CC3-4BD7-9A80-EB789D48CEEE}.Ad-Hoc|ARM.ActiveCfg = Ad-Hoc|iPhoneSimulator
		{5E21BB13-6CC3-4BD7-9A80-EB789D48CEEE}.Ad-Hoc|ARM.Build.0 = Ad-Hoc|iPhoneSimulator
		{5E21BB13-6CC3-4BD7-9A80-EB789D48CEEE}.Ad-Hoc|ARM64.ActiveCfg = Ad-Hoc|iPhoneSimulator
		{5E21BB13-6CC3-4BD7-9A80-EB789D48CEEE}.Ad-Hoc|ARM64.Build.0 = Ad-Hoc|iPhoneSimulator
		{5E21BB13-6CC3-4BD7-9A80-EB789D48CEEE}.Ad-Hoc|iPhone.ActiveCfg = Ad-Hoc|iPhone
		{5E21BB13-6CC3-4BD7-9A80-EB789D48CEEE}.Ad-Hoc|iPhone.Build.0 = Ad-Hoc|iPhone
		{5E21BB13-6CC3-4BD7-9A80-EB789D48CEEE}.Ad-Hoc|iPhoneSimulator.ActiveCfg = Ad-Hoc|iPhoneSimulator
		{5E21BB13-6CC3-4BD7-9A80-EB789D48CEEE}.Ad-Hoc|iPhoneSimulator.Build.0 = Ad-Hoc|iPhoneSimulator
		{5E21BB13-6CC3-4BD7-9A80-EB789D48CEEE}.Ad-Hoc|x64.ActiveCfg = Ad-Hoc|iPhoneSimulator
		{5E21BB13-6CC3-4BD7-9A80-EB789D48CEEE}.Ad-Hoc|x64.Build.0 = Ad-Hoc|iPhoneSimulator
		{5E21BB13-6CC3-4BD7-9A80-EB789D48CEEE}.Ad-Hoc|x86.ActiveCfg = Ad-Hoc|iPhoneSimulator
		{5E21BB13-6CC3-4BD7-9A80-EB789D48CEEE}.Ad-Hoc|x86.Build.0 = Ad-Hoc|iPhoneSimulator
		{5E21BB13-6CC3-4BD7-9A80-EB789D48CEEE}.AppStore|Any CPU.ActiveCfg = AppStore|iPhoneSimulator
		{5E21BB13-6CC3-4BD7-9A80-EB789D48CEEE}.AppStore|Any CPU.Build.0 = AppStore|iPhoneSimulator
		{5E21BB13-6CC3-4BD7-9A80-EB789D48CEEE}.AppStore|ARM.ActiveCfg = AppStore|iPhoneSimulator
		{5E21BB13-6CC3-4BD7-9A80-EB789D48CEEE}.AppStore|ARM.Build.0 = AppStore|iPhoneSimulator
		{5E21BB13-6CC3-4BD7-9A80-EB789D48CEEE}.AppStore|ARM64.ActiveCfg = AppStore|iPhoneSimulator
		{5E21BB13-6CC3-4BD7-9A80-EB789D48CEEE}.AppStore|ARM64.Build.0 = AppStore|iPhoneSimulator
		{5E21BB13-6CC3-4BD7-9A80-EB789D48CEEE}.AppStore|iPhone.ActiveCfg = AppStore|iPhone
		{5E21BB13-6CC3-4BD7-9A80-EB789D48CEEE}.AppStore|iPhone.Build.0 = AppStore|iPhone
		{5E21BB13-6CC3-4BD7-9A80-EB789D48CEEE}.AppStore|iPhoneSimulator.ActiveCfg = AppStore|iPhoneSimulator
		{5E21BB13-6CC3-4BD7-9A80-EB789D48CEEE}.AppStore|iPhoneSimulator.Build.0 = AppStore|iPhoneSimulator
		{5E21BB13-6CC3-4BD7-9A80-EB789D48CEEE}.AppStore|x64.ActiveCfg = AppStore|iPhoneSimulator
		{5E21BB13-6CC3-4BD7-9A80-EB789D48CEEE}.AppStore|x64.Build.0 = AppStore|iPhoneSimulator
		{5E21BB13-6CC3-4BD7-9A80-EB789D48CEEE}.AppStore|x86.ActiveCfg = AppStore|iPhoneSimulator
		{5E21BB13-6CC3-4BD7-9A80-EB789D48CEEE}.AppStore|x86.Build.0 = AppStore|iPhoneSimulator
		{5E21BB13-6CC3-4BD7-9A80-EB789D48CEEE}.Debug|Any CPU.ActiveCfg = Debug|iPhoneSimulator
		{5E21BB13-6CC3-4BD7-9A80-EB789D48CEEE}.Debug|Any CPU.Build.0 = Debug|iPhoneSimulator
		{5E21BB13-6CC3-4BD7-9A80-EB789D48CEEE}.Debug|ARM.ActiveCfg = Debug|iPhoneSimulator
		{5E21BB13-6CC3-4BD7-9A80-EB789D48CEEE}.Debug|ARM.Build.0 = Debug|iPhoneSimulator
		{5E21BB13-6CC3-4BD7-9A80-EB789D48CEEE}.Debug|ARM64.ActiveCfg = Debug|iPhoneSimulator
		{5E21BB13-6CC3-4BD7-9A80-EB789D48CEEE}.Debug|ARM64.Build.0 = Debug|iPhoneSimulator
		{5E21BB13-6CC3-4BD7-9A80-EB789D48CEEE}.Debug|iPhone.ActiveCfg = Debug|iPhone
		{5E21BB13-6CC3-4BD7-9A80-EB789D48CEEE}.Debug|iPhone.Build.0 = Debug|iPhone
		{5E21BB13-6CC3-4BD7-9A80-EB789D48CEEE}.Debug|iPhoneSimulator.ActiveCfg = Debug|iPhoneSimulator
		{5E21BB13-6CC3-4BD7-9A80-EB789D48CEEE}.Debug|iPhoneSimulator.Build.0 = Debug|iPhoneSimulator
		{5E21BB13-6CC3-4BD7-9A80-EB789D48CEEE}.Debug|x64.ActiveCfg = Debug|iPhoneSimulator
		{5E21BB13-6CC3-4BD7-9A80-EB789D48CEEE}.Debug|x64.Build.0 = Debug|iPhoneSimulator
		{5E21BB13-6CC3-4BD7-9A80-EB789D48CEEE}.Debug|x86.ActiveCfg = Debug|iPhoneSimulator
		{5E21BB13-6CC3-4BD7-9A80-EB789D48CEEE}.Debug|x86.Build.0 = Debug|iPhoneSimulator
		{5E21BB13-6CC3-4BD7-9A80-EB789D48CEEE}.Release|Any CPU.ActiveCfg = Release|iPhoneSimulator
		{5E21BB13-6CC3-4BD7-9A80-EB789D48CEEE}.Release|Any CPU.Build.0 = Release|iPhoneSimulator
		{5E21BB13-6CC3-4BD7-9A80-EB789D48CEEE}.Release|ARM.ActiveCfg = Release|iPhoneSimulator
		{5E21BB13-6CC3-4BD7-9A80-EB789D48CEEE}.Release|ARM.Build.0 = Release|iPhoneSimulator
		{5E21BB13-6CC3-4BD7-9A80-EB789D48CEEE}.Release|ARM64.ActiveCfg = Release|iPhoneSimulator
		{5E21BB13-6CC3-4BD7-9A80-EB789D48CEEE}.Release|ARM64.Build.0 = Release|iPhoneSimulator
		{5E21BB13-6CC3-4BD7-9A80-EB789D48CEEE}.Release|iPhone.ActiveCfg = Release|iPhone
		{5E21BB13-6CC3-4BD7-9A80-EB789D48CEEE}.Release|iPhone.Build.0 = Release|iPhone
		{5E21BB13-6CC3-4BD7-9A80-EB789D48CEEE}.Release|iPhoneSimulator.ActiveCfg = Release|iPhoneSimulator
		{5E21BB13-6CC3-4BD7-9A80-EB789D48CEEE}.Release|iPhoneSimulator.Build.0 = Release|iPhoneSimulator
		{5E21BB13-6CC3-4BD7-9A80-EB789D48CEEE}.Release|x64.ActiveCfg = Release|iPhoneSimulator
		{5E21BB13-6CC3-4BD7-9A80-EB789D48CEEE}.Release|x64.Build.0 = Release|iPhoneSimulator
		{5E21BB13-6CC3-4BD7-9A80-EB789D48CEEE}.Release|x86.ActiveCfg = Release|iPhoneSimulator
		{5E21BB13-6CC3-4BD7-9A80-EB789D48CEEE}.Release|x86.Build.0 = Release|iPhoneSimulator
		{D194E108-6B5A-4BEE-9899-7ACB2A9E0484}.Ad-Hoc|Any CPU.ActiveCfg = Debug|x86
		{D194E108-6B5A-4BEE-9899-7ACB2A9E0484}.Ad-Hoc|Any CPU.Build.0 = Debug|x86
		{D194E108-6B5A-4BEE-9899-7ACB2A9E0484}.Ad-Hoc|Any CPU.Deploy.0 = Debug|x86
		{D194E108-6B5A-4BEE-9899-7ACB2A9E0484}.Ad-Hoc|ARM.ActiveCfg = Debug|ARM
		{D194E108-6B5A-4BEE-9899-7ACB2A9E0484}.Ad-Hoc|ARM.Build.0 = Debug|ARM
		{D194E108-6B5A-4BEE-9899-7ACB2A9E0484}.Ad-Hoc|ARM.Deploy.0 = Debug|ARM
		{D194E108-6B5A-4BEE-9899-7ACB2A9E0484}.Ad-Hoc|ARM64.ActiveCfg = Debug|ARM64
		{D194E108-6B5A-4BEE-9899-7ACB2A9E0484}.Ad-Hoc|ARM64.Build.0 = Debug|ARM64
		{D194E108-6B5A-4BEE-9899-7ACB2A9E0484}.Ad-Hoc|ARM64.Deploy.0 = Debug|ARM64
		{D194E108-6B5A-4BEE-9899-7ACB2A9E0484}.Ad-Hoc|iPhone.ActiveCfg = Debug|x86
		{D194E108-6B5A-4BEE-9899-7ACB2A9E0484}.Ad-Hoc|iPhone.Build.0 = Debug|x86
		{D194E108-6B5A-4BEE-9899-7ACB2A9E0484}.Ad-Hoc|iPhone.Deploy.0 = Debug|x86
		{D194E108-6B5A-4BEE-9899-7ACB2A9E0484}.Ad-Hoc|iPhoneSimulator.ActiveCfg = Debug|x86
		{D194E108-6B5A-4BEE-9899-7ACB2A9E0484}.Ad-Hoc|iPhoneSimulator.Build.0 = Debug|x86
		{D194E108-6B5A-4BEE-9899-7ACB2A9E0484}.Ad-Hoc|iPhoneSimulator.Deploy.0 = Debug|x86
		{D194E108-6B5A-4BEE-9899-7ACB2A9E0484}.Ad-Hoc|x64.ActiveCfg = Debug|x64
		{D194E108-6B5A-4BEE-9899-7ACB2A9E0484}.Ad-Hoc|x64.Build.0 = Debug|x64
		{D194E108-6B5A-4BEE-9899-7ACB2A9E0484}.Ad-Hoc|x64.Deploy.0 = Debug|x64
		{D194E108-6B5A-4BEE-9899-7ACB2A9E0484}.Ad-Hoc|x86.ActiveCfg = Debug|x86
		{D194E108-6B5A-4BEE-9899-7ACB2A9E0484}.Ad-Hoc|x86.Build.0 = Debug|x86
		{D194E108-6B5A-4BEE-9899-7ACB2A9E0484}.Ad-Hoc|x86.Deploy.0 = Debug|x86
		{D194E108-6B5A-4BEE-9899-7ACB2A9E0484}.AppStore|Any CPU.ActiveCfg = Debug|x86
		{D194E108-6B5A-4BEE-9899-7ACB2A9E0484}.AppStore|Any CPU.Build.0 = Debug|x86
		{D194E108-6B5A-4BEE-9899-7ACB2A9E0484}.AppStore|Any CPU.Deploy.0 = Debug|x86
		{D194E108-6B5A-4BEE-9899-7ACB2A9E0484}.AppStore|ARM.ActiveCfg = Debug|ARM
		{D194E108-6B5A-4BEE-9899-7ACB2A9E0484}.AppStore|ARM.Build.0 = Debug|ARM
		{D194E108-6B5A-4BEE-9899-7ACB2A9E0484}.AppStore|ARM.Deploy.0 = Debug|ARM
		{D194E108-6B5A-4BEE-9899-7ACB2A9E0484}.AppStore|ARM64.ActiveCfg = Debug|ARM64
		{D194E108-6B5A-4BEE-9899-7ACB2A9E0484}.AppStore|ARM64.Build.0 = Debug|ARM64
		{D194E108-6B5A-4BEE-9899-7ACB2A9E0484}.AppStore|ARM64.Deploy.0 = Debug|ARM64
		{D194E108-6B5A-4BEE-9899-7ACB2A9E0484}.AppStore|iPhone.ActiveCfg = Debug|x86
		{D194E108-6B5A-4BEE-9899-7ACB2A9E0484}.AppStore|iPhone.Build.0 = Debug|x86
		{D194E108-6B5A-4BEE-9899-7ACB2A9E0484}.AppStore|iPhone.Deploy.0 = Debug|x86
		{D194E108-6B5A-4BEE-9899-7ACB2A9E0484}.AppStore|iPhoneSimulator.ActiveCfg = Debug|x86
		{D194E108-6B5A-4BEE-9899-7ACB2A9E0484}.AppStore|iPhoneSimulator.Build.0 = Debug|x86
		{D194E108-6B5A-4BEE-9899-7ACB2A9E0484}.AppStore|iPhoneSimulator.Deploy.0 = Debug|x86
		{D194E108-6B5A-4BEE-9899-7ACB2A9E0484}.AppStore|x64.ActiveCfg = Debug|x64
		{D194E108-6B5A-4BEE-9899-7ACB2A9E0484}.AppStore|x64.Build.0 = Debug|x64
		{D194E108-6B5A-4BEE-9899-7ACB2A9E0484}.AppStore|x64.Deploy.0 = Debug|x64
		{D194E108-6B5A-4BEE-9899-7ACB2A9E0484}.AppStore|x86.ActiveCfg = Debug|x86
		{D194E108-6B5A-4BEE-9899-7ACB2A9E0484}.AppStore|x86.Build.0 = Debug|x86
		{D194E108-6B5A-4BEE-9899-7ACB2A9E0484}.AppStore|x86.Deploy.0 = Debug|x86
		{D194E108-6B5A-4BEE-9899-7ACB2A9E0484}.Debug|Any CPU.ActiveCfg = Debug|x64
		{D194E108-6B5A-4BEE-9899-7ACB2A9E0484}.Debug|Any CPU.Build.0 = Debug|x64
		{D194E108-6B5A-4BEE-9899-7ACB2A9E0484}.Debug|Any CPU.Deploy.0 = Debug|x64
		{D194E108-6B5A-4BEE-9899-7ACB2A9E0484}.Debug|ARM.ActiveCfg = Debug|ARM
		{D194E108-6B5A-4BEE-9899-7ACB2A9E0484}.Debug|ARM.Build.0 = Debug|ARM
		{D194E108-6B5A-4BEE-9899-7ACB2A9E0484}.Debug|ARM.Deploy.0 = Debug|ARM
		{D194E108-6B5A-4BEE-9899-7ACB2A9E0484}.Debug|ARM64.ActiveCfg = Debug|ARM64
		{D194E108-6B5A-4BEE-9899-7ACB2A9E0484}.Debug|ARM64.Build.0 = Debug|ARM64
		{D194E108-6B5A-4BEE-9899-7ACB2A9E0484}.Debug|ARM64.Deploy.0 = Debug|ARM64
		{D194E108-6B5A-4BEE-9899-7ACB2A9E0484}.Debug|iPhone.ActiveCfg = Debug|x64
		{D194E108-6B5A-4BEE-9899-7ACB2A9E0484}.Debug|iPhone.Build.0 = Debug|x64
		{D194E108-6B5A-4BEE-9899-7ACB2A9E0484}.Debug|iPhone.Deploy.0 = Debug|x64
		{D194E108-6B5A-4BEE-9899-7ACB2A9E0484}.Debug|iPhoneSimulator.ActiveCfg = Debug|x64
		{D194E108-6B5A-4BEE-9899-7ACB2A9E0484}.Debug|iPhoneSimulator.Build.0 = Debug|x64
		{D194E108-6B5A-4BEE-9899-7ACB2A9E0484}.Debug|iPhoneSimulator.Deploy.0 = Debug|x64
		{D194E108-6B5A-4BEE-9899-7ACB2A9E0484}.Debug|x64.ActiveCfg = Debug|x64
		{D194E108-6B5A-4BEE-9899-7ACB2A9E0484}.Debug|x64.Build.0 = Debug|x64
		{D194E108-6B5A-4BEE-9899-7ACB2A9E0484}.Debug|x64.Deploy.0 = Debug|x64
		{D194E108-6B5A-4BEE-9899-7ACB2A9E0484}.Debug|x86.ActiveCfg = Debug|x86
		{D194E108-6B5A-4BEE-9899-7ACB2A9E0484}.Debug|x86.Build.0 = Debug|x86
		{D194E108-6B5A-4BEE-9899-7ACB2A9E0484}.Debug|x86.Deploy.0 = Debug|x86
		{D194E108-6B5A-4BEE-9899-7ACB2A9E0484}.Release|Any CPU.ActiveCfg = Release|x64
		{D194E108-6B5A-4BEE-9899-7ACB2A9E0484}.Release|Any CPU.Build.0 = Release|x64
		{D194E108-6B5A-4BEE-9899-7ACB2A9E0484}.Release|Any CPU.Deploy.0 = Release|x64
		{D194E108-6B5A-4BEE-9899-7ACB2A9E0484}.Release|ARM.ActiveCfg = Release|ARM
		{D194E108-6B5A-4BEE-9899-7ACB2A9E0484}.Release|ARM.Build.0 = Release|ARM
		{D194E108-6B5A-4BEE-9899-7ACB2A9E0484}.Release|ARM.Deploy.0 = Release|ARM
		{D194E108-6B5A-4BEE-9899-7ACB2A9E0484}.Release|ARM64.ActiveCfg = Release|ARM64
		{D194E108-6B5A-4BEE-9899-7ACB2A9E0484}.Release|ARM64.Build.0 = Release|ARM64
		{D194E108-6B5A-4BEE-9899-7ACB2A9E0484}.Release|ARM64.Deploy.0 = Release|ARM64
		{D194E108-6B5A-4BEE-9899-7ACB2A9E0484}.Release|iPhone.ActiveCfg = Release|x64
		{D194E108-6B5A-4BEE-9899-7ACB2A9E0484}.Release|iPhone.Build.0 = Release|x64
		{D194E108-6B5A-4BEE-9899-7ACB2A9E0484}.Release|iPhone.Deploy.0 = Release|x64
		{D194E108-6B5A-4BEE-9899-7ACB2A9E0484}.Release|iPhoneSimulator.ActiveCfg = Release|x64
		{D194E108-6B5A-4BEE-9899-7ACB2A9E0484}.Release|iPhoneSimulator.Build.0 = Release|x64
		{D194E108-6B5A-4BEE-9899-7ACB2A9E0484}.Release|iPhoneSimulator.Deploy.0 = Release|x64
		{D194E108-6B5A-4BEE-9899-7ACB2A9E0484}.Release|x64.ActiveCfg = Release|x64
		{D194E108-6B5A-4BEE-9899-7ACB2A9E0484}.Release|x64.Build.0 = Release|x64
		{D194E108-6B5A-4BEE-9899-7ACB2A9E0484}.Release|x64.Deploy.0 = Release|x64
		{D194E108-6B5A-4BEE-9899-7ACB2A9E0484}.Release|x86.ActiveCfg = Release|x86
		{D194E108-6B5A-4BEE-9899-7ACB2A9E0484}.Release|x86.Build.0 = Release|x86
		{D194E108-6B5A-4BEE-9899-7ACB2A9E0484}.Release|x86.Deploy.0 = Release|x86
		{0C5B9186-878C-467D-A4D2-4F97A63A1459}.Ad-Hoc|Any CPU.ActiveCfg = Debug|Any CPU
		{0C5B9186-878C-467D-A4D2-4F97A63A1459}.Ad-Hoc|Any CPU.Build.0 = Debug|Any CPU
		{0C5B9186-878C-467D-A4D2-4F97A63A1459}.Ad-Hoc|ARM.ActiveCfg = Debug|Any CPU
		{0C5B9186-878C-467D-A4D2-4F97A63A1459}.Ad-Hoc|ARM.Build.0 = Debug|Any CPU
		{0C5B9186-878C-467D-A4D2-4F97A63A1459}.Ad-Hoc|ARM64.ActiveCfg = Debug|Any CPU
		{0C5B9186-878C-467D-A4D2-4F97A63A1459}.Ad-Hoc|ARM64.Build.0 = Debug|Any CPU
		{0C5B9186-878C-467D-A4D2-4F97A63A1459}.Ad-Hoc|iPhone.ActiveCfg = Debug|Any CPU
		{0C5B9186-878C-467D-A4D2-4F97A63A1459}.Ad-Hoc|iPhone.Build.0 = Debug|Any CPU
		{0C5B9186-878C-467D-A4D2-4F97A63A1459}.Ad-Hoc|iPhoneSimulator.ActiveCfg = Debug|Any CPU
		{0C5B9186-878C-467D-A4D2-4F97A63A1459}.Ad-Hoc|iPhoneSimulator.Build.0 = Debug|Any CPU
		{0C5B9186-878C-467D-A4D2-4F97A63A1459}.Ad-Hoc|x64.ActiveCfg = Debug|Any CPU
		{0C5B9186-878C-467D-A4D2-4F97A63A1459}.Ad-Hoc|x64.Build.0 = Debug|Any CPU
		{0C5B9186-878C-467D-A4D2-4F97A63A1459}.Ad-Hoc|x86.ActiveCfg = Debug|Any CPU
		{0C5B9186-878C-467D-A4D2-4F97A63A1459}.Ad-Hoc|x86.Build.0 = Debug|Any CPU
		{0C5B9186-878C-467D-A4D2-4F97A63A1459}.AppStore|Any CPU.ActiveCfg = Debug|Any CPU
		{0C5B9186-878C-467D-A4D2-4F97A63A1459}.AppStore|Any CPU.Build.0 = Debug|Any CPU
		{0C5B9186-878C-467D-A4D2-4F97A63A1459}.AppStore|ARM.ActiveCfg = Debug|Any CPU
		{0C5B9186-878C-467D-A4D2-4F97A63A1459}.AppStore|ARM.Build.0 = Debug|Any CPU
		{0C5B9186-878C-467D-A4D2-4F97A63A1459}.AppStore|ARM64.ActiveCfg = Debug|Any CPU
		{0C5B9186-878C-467D-A4D2-4F97A63A1459}.AppStore|ARM64.Build.0 = Debug|Any CPU
		{0C5B9186-878C-467D-A4D2-4F97A63A1459}.AppStore|iPhone.ActiveCfg = Debug|Any CPU
		{0C5B9186-878C-467D-A4D2-4F97A63A1459}.AppStore|iPhone.Build.0 = Debug|Any CPU
		{0C5B9186-878C-467D-A4D2-4F97A63A1459}.AppStore|iPhoneSimulator.ActiveCfg = Debug|Any CPU
		{0C5B9186-878C-467D-A4D2-4F97A63A1459}.AppStore|iPhoneSimulator.Build.0 = Debug|Any CPU
		{0C5B9186-878C-467D-A4D2-4F97A63A1459}.AppStore|x64.ActiveCfg = Debug|Any CPU
		{0C5B9186-878C-467D-A4D2-4F97A63A1459}.AppStore|x64.Build.0 = Debug|Any CPU
		{0C5B9186-878C-467D-A4D2-4F97A63A1459}.AppStore|x86.ActiveCfg = Debug|Any CPU
		{0C5B9186-878C-467D-A4D2-4F97A63A1459}.AppStore|x86.Build.0 = Debug|Any CPU
		{0C5B9186-878C-467D-A4D2-4F97A63A1459}.Debug|Any CPU.ActiveCfg = Debug|Any CPU
		{0C5B9186-878C-467D-A4D2-4F97A63A1459}.Debug|Any CPU.Build.0 = Debug|Any CPU
		{0C5B9186-878C-467D-A4D2-4F97A63A1459}.Debug|ARM.ActiveCfg = Debug|Any CPU
		{0C5B9186-878C-467D-A4D2-4F97A63A1459}.Debug|ARM.Build.0 = Debug|Any CPU
		{0C5B9186-878C-467D-A4D2-4F97A63A1459}.Debug|ARM64.ActiveCfg = Debug|Any CPU
		{0C5B9186-878C-467D-A4D2-4F97A63A1459}.Debug|ARM64.Build.0 = Debug|Any CPU
		{0C5B9186-878C-467D-A4D2-4F97A63A1459}.Debug|iPhone.ActiveCfg = Debug|Any CPU
		{0C5B9186-878C-467D-A4D2-4F97A63A1459}.Debug|iPhone.Build.0 = Debug|Any CPU
		{0C5B9186-878C-467D-A4D2-4F97A63A1459}.Debug|iPhoneSimulator.ActiveCfg = Debug|Any CPU
		{0C5B9186-878C-467D-A4D2-4F97A63A1459}.Debug|iPhoneSimulator.Build.0 = Debug|Any CPU
		{0C5B9186-878C-467D-A4D2-4F97A63A1459}.Debug|x64.ActiveCfg = Debug|Any CPU
		{0C5B9186-878C-467D-A4D2-4F97A63A1459}.Debug|x64.Build.0 = Debug|Any CPU
		{0C5B9186-878C-467D-A4D2-4F97A63A1459}.Debug|x86.ActiveCfg = Debug|Any CPU
		{0C5B9186-878C-467D-A4D2-4F97A63A1459}.Debug|x86.Build.0 = Debug|Any CPU
		{0C5B9186-878C-467D-A4D2-4F97A63A1459}.Release|Any CPU.ActiveCfg = Release|Any CPU
		{0C5B9186-878C-467D-A4D2-4F97A63A1459}.Release|Any CPU.Build.0 = Release|Any CPU
		{0C5B9186-878C-467D-A4D2-4F97A63A1459}.Release|ARM.ActiveCfg = Release|Any CPU
		{0C5B9186-878C-467D-A4D2-4F97A63A1459}.Release|ARM.Build.0 = Release|Any CPU
		{0C5B9186-878C-467D-A4D2-4F97A63A1459}.Release|ARM64.ActiveCfg = Release|Any CPU
		{0C5B9186-878C-467D-A4D2-4F97A63A1459}.Release|ARM64.Build.0 = Release|Any CPU
		{0C5B9186-878C-467D-A4D2-4F97A63A1459}.Release|iPhone.ActiveCfg = Release|Any CPU
		{0C5B9186-878C-467D-A4D2-4F97A63A1459}.Release|iPhone.Build.0 = Release|Any CPU
		{0C5B9186-878C-467D-A4D2-4F97A63A1459}.Release|iPhoneSimulator.ActiveCfg = Release|Any CPU
		{0C5B9186-878C-467D-A4D2-4F97A63A1459}.Release|iPhoneSimulator.Build.0 = Release|Any CPU
		{0C5B9186-878C-467D-A4D2-4F97A63A1459}.Release|x64.ActiveCfg = Release|Any CPU
		{0C5B9186-878C-467D-A4D2-4F97A63A1459}.Release|x64.Build.0 = Release|Any CPU
		{0C5B9186-878C-467D-A4D2-4F97A63A1459}.Release|x86.ActiveCfg = Release|Any CPU
		{0C5B9186-878C-467D-A4D2-4F97A63A1459}.Release|x86.Build.0 = Release|Any CPU
		{325095C2-664E-40AE-9ACD-A80C54717B2E}.Ad-Hoc|Any CPU.ActiveCfg = Debug|iPhoneSimulator
		{325095C2-664E-40AE-9ACD-A80C54717B2E}.Ad-Hoc|Any CPU.Build.0 = Debug|iPhoneSimulator
		{325095C2-664E-40AE-9ACD-A80C54717B2E}.Ad-Hoc|ARM.ActiveCfg = Debug|iPhoneSimulator
		{325095C2-664E-40AE-9ACD-A80C54717B2E}.Ad-Hoc|ARM.Build.0 = Debug|iPhoneSimulator
		{325095C2-664E-40AE-9ACD-A80C54717B2E}.Ad-Hoc|ARM64.ActiveCfg = Debug|iPhoneSimulator
		{325095C2-664E-40AE-9ACD-A80C54717B2E}.Ad-Hoc|ARM64.Build.0 = Debug|iPhoneSimulator
		{325095C2-664E-40AE-9ACD-A80C54717B2E}.Ad-Hoc|iPhone.ActiveCfg = Debug|iPhoneSimulator
		{325095C2-664E-40AE-9ACD-A80C54717B2E}.Ad-Hoc|iPhone.Build.0 = Debug|iPhoneSimulator
		{325095C2-664E-40AE-9ACD-A80C54717B2E}.Ad-Hoc|iPhoneSimulator.ActiveCfg = Debug|iPhoneSimulator
		{325095C2-664E-40AE-9ACD-A80C54717B2E}.Ad-Hoc|iPhoneSimulator.Build.0 = Debug|iPhoneSimulator
		{325095C2-664E-40AE-9ACD-A80C54717B2E}.Ad-Hoc|x64.ActiveCfg = Debug|iPhoneSimulator
		{325095C2-664E-40AE-9ACD-A80C54717B2E}.Ad-Hoc|x64.Build.0 = Debug|iPhoneSimulator
		{325095C2-664E-40AE-9ACD-A80C54717B2E}.Ad-Hoc|x86.ActiveCfg = Debug|iPhoneSimulator
		{325095C2-664E-40AE-9ACD-A80C54717B2E}.Ad-Hoc|x86.Build.0 = Debug|iPhoneSimulator
		{325095C2-664E-40AE-9ACD-A80C54717B2E}.AppStore|Any CPU.ActiveCfg = Debug|iPhoneSimulator
		{325095C2-664E-40AE-9ACD-A80C54717B2E}.AppStore|Any CPU.Build.0 = Debug|iPhoneSimulator
		{325095C2-664E-40AE-9ACD-A80C54717B2E}.AppStore|ARM.ActiveCfg = Debug|iPhoneSimulator
		{325095C2-664E-40AE-9ACD-A80C54717B2E}.AppStore|ARM.Build.0 = Debug|iPhoneSimulator
		{325095C2-664E-40AE-9ACD-A80C54717B2E}.AppStore|ARM64.ActiveCfg = Debug|iPhoneSimulator
		{325095C2-664E-40AE-9ACD-A80C54717B2E}.AppStore|ARM64.Build.0 = Debug|iPhoneSimulator
		{325095C2-664E-40AE-9ACD-A80C54717B2E}.AppStore|iPhone.ActiveCfg = Debug|iPhoneSimulator
		{325095C2-664E-40AE-9ACD-A80C54717B2E}.AppStore|iPhone.Build.0 = Debug|iPhoneSimulator
		{325095C2-664E-40AE-9ACD-A80C54717B2E}.AppStore|iPhoneSimulator.ActiveCfg = Debug|iPhoneSimulator
		{325095C2-664E-40AE-9ACD-A80C54717B2E}.AppStore|iPhoneSimulator.Build.0 = Debug|iPhoneSimulator
		{325095C2-664E-40AE-9ACD-A80C54717B2E}.AppStore|x64.ActiveCfg = Debug|iPhoneSimulator
		{325095C2-664E-40AE-9ACD-A80C54717B2E}.AppStore|x64.Build.0 = Debug|iPhoneSimulator
		{325095C2-664E-40AE-9ACD-A80C54717B2E}.AppStore|x86.ActiveCfg = Debug|iPhoneSimulator
		{325095C2-664E-40AE-9ACD-A80C54717B2E}.AppStore|x86.Build.0 = Debug|iPhoneSimulator
		{325095C2-664E-40AE-9ACD-A80C54717B2E}.Debug|Any CPU.ActiveCfg = Debug|iPhoneSimulator
		{325095C2-664E-40AE-9ACD-A80C54717B2E}.Debug|Any CPU.Build.0 = Debug|iPhoneSimulator
		{325095C2-664E-40AE-9ACD-A80C54717B2E}.Debug|ARM.ActiveCfg = Debug|iPhoneSimulator
		{325095C2-664E-40AE-9ACD-A80C54717B2E}.Debug|ARM.Build.0 = Debug|iPhoneSimulator
		{325095C2-664E-40AE-9ACD-A80C54717B2E}.Debug|ARM64.ActiveCfg = Debug|iPhoneSimulator
		{325095C2-664E-40AE-9ACD-A80C54717B2E}.Debug|ARM64.Build.0 = Debug|iPhoneSimulator
		{325095C2-664E-40AE-9ACD-A80C54717B2E}.Debug|iPhone.ActiveCfg = Debug|iPhoneSimulator
		{325095C2-664E-40AE-9ACD-A80C54717B2E}.Debug|iPhone.Build.0 = Debug|iPhoneSimulator
		{325095C2-664E-40AE-9ACD-A80C54717B2E}.Debug|iPhoneSimulator.ActiveCfg = Debug|iPhoneSimulator
		{325095C2-664E-40AE-9ACD-A80C54717B2E}.Debug|iPhoneSimulator.Build.0 = Debug|iPhoneSimulator
		{325095C2-664E-40AE-9ACD-A80C54717B2E}.Debug|x64.ActiveCfg = Debug|iPhoneSimulator
		{325095C2-664E-40AE-9ACD-A80C54717B2E}.Debug|x64.Build.0 = Debug|iPhoneSimulator
		{325095C2-664E-40AE-9ACD-A80C54717B2E}.Debug|x86.ActiveCfg = Debug|iPhoneSimulator
		{325095C2-664E-40AE-9ACD-A80C54717B2E}.Debug|x86.Build.0 = Debug|iPhoneSimulator
		{325095C2-664E-40AE-9ACD-A80C54717B2E}.Release|Any CPU.ActiveCfg = Release|iPhoneSimulator
		{325095C2-664E-40AE-9ACD-A80C54717B2E}.Release|Any CPU.Build.0 = Release|iPhoneSimulator
		{325095C2-664E-40AE-9ACD-A80C54717B2E}.Release|ARM.ActiveCfg = Release|iPhoneSimulator
		{325095C2-664E-40AE-9ACD-A80C54717B2E}.Release|ARM.Build.0 = Release|iPhoneSimulator
		{325095C2-664E-40AE-9ACD-A80C54717B2E}.Release|ARM64.ActiveCfg = Release|iPhoneSimulator
		{325095C2-664E-40AE-9ACD-A80C54717B2E}.Release|ARM64.Build.0 = Release|iPhoneSimulator
		{325095C2-664E-40AE-9ACD-A80C54717B2E}.Release|iPhone.ActiveCfg = Release|iPhoneSimulator
		{325095C2-664E-40AE-9ACD-A80C54717B2E}.Release|iPhone.Build.0 = Release|iPhoneSimulator
		{325095C2-664E-40AE-9ACD-A80C54717B2E}.Release|iPhoneSimulator.ActiveCfg = Release|iPhoneSimulator
		{325095C2-664E-40AE-9ACD-A80C54717B2E}.Release|iPhoneSimulator.Build.0 = Release|iPhoneSimulator
		{325095C2-664E-40AE-9ACD-A80C54717B2E}.Release|x64.ActiveCfg = Release|iPhoneSimulator
		{325095C2-664E-40AE-9ACD-A80C54717B2E}.Release|x64.Build.0 = Release|iPhoneSimulator
		{325095C2-664E-40AE-9ACD-A80C54717B2E}.Release|x86.ActiveCfg = Release|iPhoneSimulator
		{325095C2-664E-40AE-9ACD-A80C54717B2E}.Release|x86.Build.0 = Release|iPhoneSimulator
		{7483C4DF-8F32-4A16-9905-C8FC79FB3BAA}.Ad-Hoc|Any CPU.ActiveCfg = Debug|Any CPU
		{7483C4DF-8F32-4A16-9905-C8FC79FB3BAA}.Ad-Hoc|Any CPU.Build.0 = Debug|Any CPU
		{7483C4DF-8F32-4A16-9905-C8FC79FB3BAA}.Ad-Hoc|ARM.ActiveCfg = Debug|Any CPU
		{7483C4DF-8F32-4A16-9905-C8FC79FB3BAA}.Ad-Hoc|ARM.Build.0 = Debug|Any CPU
		{7483C4DF-8F32-4A16-9905-C8FC79FB3BAA}.Ad-Hoc|ARM64.ActiveCfg = Debug|Any CPU
		{7483C4DF-8F32-4A16-9905-C8FC79FB3BAA}.Ad-Hoc|ARM64.Build.0 = Debug|Any CPU
		{7483C4DF-8F32-4A16-9905-C8FC79FB3BAA}.Ad-Hoc|iPhone.ActiveCfg = Debug|Any CPU
		{7483C4DF-8F32-4A16-9905-C8FC79FB3BAA}.Ad-Hoc|iPhone.Build.0 = Debug|Any CPU
		{7483C4DF-8F32-4A16-9905-C8FC79FB3BAA}.Ad-Hoc|iPhoneSimulator.ActiveCfg = Debug|Any CPU
		{7483C4DF-8F32-4A16-9905-C8FC79FB3BAA}.Ad-Hoc|iPhoneSimulator.Build.0 = Debug|Any CPU
		{7483C4DF-8F32-4A16-9905-C8FC79FB3BAA}.Ad-Hoc|x64.ActiveCfg = Debug|Any CPU
		{7483C4DF-8F32-4A16-9905-C8FC79FB3BAA}.Ad-Hoc|x64.Build.0 = Debug|Any CPU
		{7483C4DF-8F32-4A16-9905-C8FC79FB3BAA}.Ad-Hoc|x86.ActiveCfg = Debug|Any CPU
		{7483C4DF-8F32-4A16-9905-C8FC79FB3BAA}.Ad-Hoc|x86.Build.0 = Debug|Any CPU
		{7483C4DF-8F32-4A16-9905-C8FC79FB3BAA}.AppStore|Any CPU.ActiveCfg = Debug|Any CPU
		{7483C4DF-8F32-4A16-9905-C8FC79FB3BAA}.AppStore|Any CPU.Build.0 = Debug|Any CPU
		{7483C4DF-8F32-4A16-9905-C8FC79FB3BAA}.AppStore|ARM.ActiveCfg = Debug|Any CPU
		{7483C4DF-8F32-4A16-9905-C8FC79FB3BAA}.AppStore|ARM.Build.0 = Debug|Any CPU
		{7483C4DF-8F32-4A16-9905-C8FC79FB3BAA}.AppStore|ARM64.ActiveCfg = Debug|Any CPU
		{7483C4DF-8F32-4A16-9905-C8FC79FB3BAA}.AppStore|ARM64.Build.0 = Debug|Any CPU
		{7483C4DF-8F32-4A16-9905-C8FC79FB3BAA}.AppStore|iPhone.ActiveCfg = Debug|Any CPU
		{7483C4DF-8F32-4A16-9905-C8FC79FB3BAA}.AppStore|iPhone.Build.0 = Debug|Any CPU
		{7483C4DF-8F32-4A16-9905-C8FC79FB3BAA}.AppStore|iPhoneSimulator.ActiveCfg = Debug|Any CPU
		{7483C4DF-8F32-4A16-9905-C8FC79FB3BAA}.AppStore|iPhoneSimulator.Build.0 = Debug|Any CPU
		{7483C4DF-8F32-4A16-9905-C8FC79FB3BAA}.AppStore|x64.ActiveCfg = Debug|Any CPU
		{7483C4DF-8F32-4A16-9905-C8FC79FB3BAA}.AppStore|x64.Build.0 = Debug|Any CPU
		{7483C4DF-8F32-4A16-9905-C8FC79FB3BAA}.AppStore|x86.ActiveCfg = Debug|Any CPU
		{7483C4DF-8F32-4A16-9905-C8FC79FB3BAA}.AppStore|x86.Build.0 = Debug|Any CPU
		{7483C4DF-8F32-4A16-9905-C8FC79FB3BAA}.Debug|Any CPU.ActiveCfg = Debug|Any CPU
		{7483C4DF-8F32-4A16-9905-C8FC79FB3BAA}.Debug|Any CPU.Build.0 = Debug|Any CPU
		{7483C4DF-8F32-4A16-9905-C8FC79FB3BAA}.Debug|ARM.ActiveCfg = Debug|Any CPU
		{7483C4DF-8F32-4A16-9905-C8FC79FB3BAA}.Debug|ARM.Build.0 = Debug|Any CPU
		{7483C4DF-8F32-4A16-9905-C8FC79FB3BAA}.Debug|ARM64.ActiveCfg = Debug|Any CPU
		{7483C4DF-8F32-4A16-9905-C8FC79FB3BAA}.Debug|ARM64.Build.0 = Debug|Any CPU
		{7483C4DF-8F32-4A16-9905-C8FC79FB3BAA}.Debug|iPhone.ActiveCfg = Debug|Any CPU
		{7483C4DF-8F32-4A16-9905-C8FC79FB3BAA}.Debug|iPhone.Build.0 = Debug|Any CPU
		{7483C4DF-8F32-4A16-9905-C8FC79FB3BAA}.Debug|iPhoneSimulator.ActiveCfg = Debug|Any CPU
		{7483C4DF-8F32-4A16-9905-C8FC79FB3BAA}.Debug|iPhoneSimulator.Build.0 = Debug|Any CPU
		{7483C4DF-8F32-4A16-9905-C8FC79FB3BAA}.Debug|x64.ActiveCfg = Debug|Any CPU
		{7483C4DF-8F32-4A16-9905-C8FC79FB3BAA}.Debug|x64.Build.0 = Debug|Any CPU
		{7483C4DF-8F32-4A16-9905-C8FC79FB3BAA}.Debug|x86.ActiveCfg = Debug|Any CPU
		{7483C4DF-8F32-4A16-9905-C8FC79FB3BAA}.Debug|x86.Build.0 = Debug|Any CPU
		{7483C4DF-8F32-4A16-9905-C8FC79FB3BAA}.Release|Any CPU.ActiveCfg = Release|Any CPU
		{7483C4DF-8F32-4A16-9905-C8FC79FB3BAA}.Release|Any CPU.Build.0 = Release|Any CPU
		{7483C4DF-8F32-4A16-9905-C8FC79FB3BAA}.Release|ARM.ActiveCfg = Release|Any CPU
		{7483C4DF-8F32-4A16-9905-C8FC79FB3BAA}.Release|ARM.Build.0 = Release|Any CPU
		{7483C4DF-8F32-4A16-9905-C8FC79FB3BAA}.Release|ARM64.ActiveCfg = Release|Any CPU
		{7483C4DF-8F32-4A16-9905-C8FC79FB3BAA}.Release|ARM64.Build.0 = Release|Any CPU
		{7483C4DF-8F32-4A16-9905-C8FC79FB3BAA}.Release|iPhone.ActiveCfg = Release|Any CPU
		{7483C4DF-8F32-4A16-9905-C8FC79FB3BAA}.Release|iPhone.Build.0 = Release|Any CPU
		{7483C4DF-8F32-4A16-9905-C8FC79FB3BAA}.Release|iPhoneSimulator.ActiveCfg = Release|Any CPU
		{7483C4DF-8F32-4A16-9905-C8FC79FB3BAA}.Release|iPhoneSimulator.Build.0 = Release|Any CPU
		{7483C4DF-8F32-4A16-9905-C8FC79FB3BAA}.Release|x64.ActiveCfg = Release|Any CPU
		{7483C4DF-8F32-4A16-9905-C8FC79FB3BAA}.Release|x64.Build.0 = Release|Any CPU
		{7483C4DF-8F32-4A16-9905-C8FC79FB3BAA}.Release|x86.ActiveCfg = Release|Any CPU
		{7483C4DF-8F32-4A16-9905-C8FC79FB3BAA}.Release|x86.Build.0 = Release|Any CPU
		{21F3575A-80C4-462B-88E7-68044A729723}.Ad-Hoc|Any CPU.ActiveCfg = Debug|Any CPU
		{21F3575A-80C4-462B-88E7-68044A729723}.Ad-Hoc|Any CPU.Build.0 = Debug|Any CPU
		{21F3575A-80C4-462B-88E7-68044A729723}.Ad-Hoc|ARM.ActiveCfg = Debug|Any CPU
		{21F3575A-80C4-462B-88E7-68044A729723}.Ad-Hoc|ARM.Build.0 = Debug|Any CPU
		{21F3575A-80C4-462B-88E7-68044A729723}.Ad-Hoc|ARM64.ActiveCfg = Debug|Any CPU
		{21F3575A-80C4-462B-88E7-68044A729723}.Ad-Hoc|ARM64.Build.0 = Debug|Any CPU
		{21F3575A-80C4-462B-88E7-68044A729723}.Ad-Hoc|iPhone.ActiveCfg = Debug|Any CPU
		{21F3575A-80C4-462B-88E7-68044A729723}.Ad-Hoc|iPhone.Build.0 = Debug|Any CPU
		{21F3575A-80C4-462B-88E7-68044A729723}.Ad-Hoc|iPhoneSimulator.ActiveCfg = Debug|Any CPU
		{21F3575A-80C4-462B-88E7-68044A729723}.Ad-Hoc|iPhoneSimulator.Build.0 = Debug|Any CPU
		{21F3575A-80C4-462B-88E7-68044A729723}.Ad-Hoc|x64.ActiveCfg = Debug|Any CPU
		{21F3575A-80C4-462B-88E7-68044A729723}.Ad-Hoc|x64.Build.0 = Debug|Any CPU
		{21F3575A-80C4-462B-88E7-68044A729723}.Ad-Hoc|x86.ActiveCfg = Debug|Any CPU
		{21F3575A-80C4-462B-88E7-68044A729723}.Ad-Hoc|x86.Build.0 = Debug|Any CPU
		{21F3575A-80C4-462B-88E7-68044A729723}.AppStore|Any CPU.ActiveCfg = Debug|Any CPU
		{21F3575A-80C4-462B-88E7-68044A729723}.AppStore|Any CPU.Build.0 = Debug|Any CPU
		{21F3575A-80C4-462B-88E7-68044A729723}.AppStore|ARM.ActiveCfg = Debug|Any CPU
		{21F3575A-80C4-462B-88E7-68044A729723}.AppStore|ARM.Build.0 = Debug|Any CPU
		{21F3575A-80C4-462B-88E7-68044A729723}.AppStore|ARM64.ActiveCfg = Debug|Any CPU
		{21F3575A-80C4-462B-88E7-68044A729723}.AppStore|ARM64.Build.0 = Debug|Any CPU
		{21F3575A-80C4-462B-88E7-68044A729723}.AppStore|iPhone.ActiveCfg = Debug|Any CPU
		{21F3575A-80C4-462B-88E7-68044A729723}.AppStore|iPhone.Build.0 = Debug|Any CPU
		{21F3575A-80C4-462B-88E7-68044A729723}.AppStore|iPhoneSimulator.ActiveCfg = Debug|Any CPU
		{21F3575A-80C4-462B-88E7-68044A729723}.AppStore|iPhoneSimulator.Build.0 = Debug|Any CPU
		{21F3575A-80C4-462B-88E7-68044A729723}.AppStore|x64.ActiveCfg = Debug|Any CPU
		{21F3575A-80C4-462B-88E7-68044A729723}.AppStore|x64.Build.0 = Debug|Any CPU
		{21F3575A-80C4-462B-88E7-68044A729723}.AppStore|x86.ActiveCfg = Debug|Any CPU
		{21F3575A-80C4-462B-88E7-68044A729723}.AppStore|x86.Build.0 = Debug|Any CPU
		{21F3575A-80C4-462B-88E7-68044A729723}.Debug|Any CPU.ActiveCfg = Debug|Any CPU
		{21F3575A-80C4-462B-88E7-68044A729723}.Debug|Any CPU.Build.0 = Debug|Any CPU
		{21F3575A-80C4-462B-88E7-68044A729723}.Debug|ARM.ActiveCfg = Debug|Any CPU
		{21F3575A-80C4-462B-88E7-68044A729723}.Debug|ARM.Build.0 = Debug|Any CPU
		{21F3575A-80C4-462B-88E7-68044A729723}.Debug|ARM64.ActiveCfg = Debug|Any CPU
		{21F3575A-80C4-462B-88E7-68044A729723}.Debug|ARM64.Build.0 = Debug|Any CPU
		{21F3575A-80C4-462B-88E7-68044A729723}.Debug|iPhone.ActiveCfg = Debug|Any CPU
		{21F3575A-80C4-462B-88E7-68044A729723}.Debug|iPhone.Build.0 = Debug|Any CPU
		{21F3575A-80C4-462B-88E7-68044A729723}.Debug|iPhoneSimulator.ActiveCfg = Debug|Any CPU
		{21F3575A-80C4-462B-88E7-68044A729723}.Debug|iPhoneSimulator.Build.0 = Debug|Any CPU
		{21F3575A-80C4-462B-88E7-68044A729723}.Debug|x64.ActiveCfg = Debug|Any CPU
		{21F3575A-80C4-462B-88E7-68044A729723}.Debug|x64.Build.0 = Debug|Any CPU
		{21F3575A-80C4-462B-88E7-68044A729723}.Debug|x86.ActiveCfg = Debug|Any CPU
		{21F3575A-80C4-462B-88E7-68044A729723}.Debug|x86.Build.0 = Debug|Any CPU
		{21F3575A-80C4-462B-88E7-68044A729723}.Release|Any CPU.ActiveCfg = Release|Any CPU
		{21F3575A-80C4-462B-88E7-68044A729723}.Release|Any CPU.Build.0 = Release|Any CPU
		{21F3575A-80C4-462B-88E7-68044A729723}.Release|ARM.ActiveCfg = Release|Any CPU
		{21F3575A-80C4-462B-88E7-68044A729723}.Release|ARM.Build.0 = Release|Any CPU
		{21F3575A-80C4-462B-88E7-68044A729723}.Release|ARM64.ActiveCfg = Release|Any CPU
		{21F3575A-80C4-462B-88E7-68044A729723}.Release|ARM64.Build.0 = Release|Any CPU
		{21F3575A-80C4-462B-88E7-68044A729723}.Release|iPhone.ActiveCfg = Release|Any CPU
		{21F3575A-80C4-462B-88E7-68044A729723}.Release|iPhone.Build.0 = Release|Any CPU
		{21F3575A-80C4-462B-88E7-68044A729723}.Release|iPhoneSimulator.ActiveCfg = Release|Any CPU
		{21F3575A-80C4-462B-88E7-68044A729723}.Release|iPhoneSimulator.Build.0 = Release|Any CPU
		{21F3575A-80C4-462B-88E7-68044A729723}.Release|x64.ActiveCfg = Release|Any CPU
		{21F3575A-80C4-462B-88E7-68044A729723}.Release|x64.Build.0 = Release|Any CPU
		{21F3575A-80C4-462B-88E7-68044A729723}.Release|x86.ActiveCfg = Release|Any CPU
		{21F3575A-80C4-462B-88E7-68044A729723}.Release|x86.Build.0 = Release|Any CPU
		{1957DCC7-0AF8-4D95-8006-608D4DCC7B4C}.Ad-Hoc|Any CPU.ActiveCfg = Debug|Any CPU
		{1957DCC7-0AF8-4D95-8006-608D4DCC7B4C}.Ad-Hoc|Any CPU.Build.0 = Debug|Any CPU
		{1957DCC7-0AF8-4D95-8006-608D4DCC7B4C}.Ad-Hoc|ARM.ActiveCfg = Debug|Any CPU
		{1957DCC7-0AF8-4D95-8006-608D4DCC7B4C}.Ad-Hoc|ARM.Build.0 = Debug|Any CPU
		{1957DCC7-0AF8-4D95-8006-608D4DCC7B4C}.Ad-Hoc|ARM64.ActiveCfg = Debug|Any CPU
		{1957DCC7-0AF8-4D95-8006-608D4DCC7B4C}.Ad-Hoc|ARM64.Build.0 = Debug|Any CPU
		{1957DCC7-0AF8-4D95-8006-608D4DCC7B4C}.Ad-Hoc|iPhone.ActiveCfg = Debug|Any CPU
		{1957DCC7-0AF8-4D95-8006-608D4DCC7B4C}.Ad-Hoc|iPhone.Build.0 = Debug|Any CPU
		{1957DCC7-0AF8-4D95-8006-608D4DCC7B4C}.Ad-Hoc|iPhoneSimulator.ActiveCfg = Debug|Any CPU
		{1957DCC7-0AF8-4D95-8006-608D4DCC7B4C}.Ad-Hoc|iPhoneSimulator.Build.0 = Debug|Any CPU
		{1957DCC7-0AF8-4D95-8006-608D4DCC7B4C}.Ad-Hoc|x64.ActiveCfg = Debug|Any CPU
		{1957DCC7-0AF8-4D95-8006-608D4DCC7B4C}.Ad-Hoc|x64.Build.0 = Debug|Any CPU
		{1957DCC7-0AF8-4D95-8006-608D4DCC7B4C}.Ad-Hoc|x86.ActiveCfg = Debug|Any CPU
		{1957DCC7-0AF8-4D95-8006-608D4DCC7B4C}.Ad-Hoc|x86.Build.0 = Debug|Any CPU
		{1957DCC7-0AF8-4D95-8006-608D4DCC7B4C}.AppStore|Any CPU.ActiveCfg = Debug|Any CPU
		{1957DCC7-0AF8-4D95-8006-608D4DCC7B4C}.AppStore|Any CPU.Build.0 = Debug|Any CPU
		{1957DCC7-0AF8-4D95-8006-608D4DCC7B4C}.AppStore|ARM.ActiveCfg = Debug|Any CPU
		{1957DCC7-0AF8-4D95-8006-608D4DCC7B4C}.AppStore|ARM.Build.0 = Debug|Any CPU
		{1957DCC7-0AF8-4D95-8006-608D4DCC7B4C}.AppStore|ARM64.ActiveCfg = Debug|Any CPU
		{1957DCC7-0AF8-4D95-8006-608D4DCC7B4C}.AppStore|ARM64.Build.0 = Debug|Any CPU
		{1957DCC7-0AF8-4D95-8006-608D4DCC7B4C}.AppStore|iPhone.ActiveCfg = Debug|Any CPU
		{1957DCC7-0AF8-4D95-8006-608D4DCC7B4C}.AppStore|iPhone.Build.0 = Debug|Any CPU
		{1957DCC7-0AF8-4D95-8006-608D4DCC7B4C}.AppStore|iPhoneSimulator.ActiveCfg = Debug|Any CPU
		{1957DCC7-0AF8-4D95-8006-608D4DCC7B4C}.AppStore|iPhoneSimulator.Build.0 = Debug|Any CPU
		{1957DCC7-0AF8-4D95-8006-608D4DCC7B4C}.AppStore|x64.ActiveCfg = Debug|Any CPU
		{1957DCC7-0AF8-4D95-8006-608D4DCC7B4C}.AppStore|x64.Build.0 = Debug|Any CPU
		{1957DCC7-0AF8-4D95-8006-608D4DCC7B4C}.AppStore|x86.ActiveCfg = Debug|Any CPU
		{1957DCC7-0AF8-4D95-8006-608D4DCC7B4C}.AppStore|x86.Build.0 = Debug|Any CPU
		{1957DCC7-0AF8-4D95-8006-608D4DCC7B4C}.Debug|Any CPU.ActiveCfg = Debug|Any CPU
		{1957DCC7-0AF8-4D95-8006-608D4DCC7B4C}.Debug|Any CPU.Build.0 = Debug|Any CPU
		{1957DCC7-0AF8-4D95-8006-608D4DCC7B4C}.Debug|ARM.ActiveCfg = Debug|Any CPU
		{1957DCC7-0AF8-4D95-8006-608D4DCC7B4C}.Debug|ARM.Build.0 = Debug|Any CPU
		{1957DCC7-0AF8-4D95-8006-608D4DCC7B4C}.Debug|ARM64.ActiveCfg = Debug|Any CPU
		{1957DCC7-0AF8-4D95-8006-608D4DCC7B4C}.Debug|ARM64.Build.0 = Debug|Any CPU
		{1957DCC7-0AF8-4D95-8006-608D4DCC7B4C}.Debug|iPhone.ActiveCfg = Debug|Any CPU
		{1957DCC7-0AF8-4D95-8006-608D4DCC7B4C}.Debug|iPhone.Build.0 = Debug|Any CPU
		{1957DCC7-0AF8-4D95-8006-608D4DCC7B4C}.Debug|iPhoneSimulator.ActiveCfg = Debug|Any CPU
		{1957DCC7-0AF8-4D95-8006-608D4DCC7B4C}.Debug|iPhoneSimulator.Build.0 = Debug|Any CPU
		{1957DCC7-0AF8-4D95-8006-608D4DCC7B4C}.Debug|x64.ActiveCfg = Debug|Any CPU
		{1957DCC7-0AF8-4D95-8006-608D4DCC7B4C}.Debug|x64.Build.0 = Debug|Any CPU
		{1957DCC7-0AF8-4D95-8006-608D4DCC7B4C}.Debug|x86.ActiveCfg = Debug|Any CPU
		{1957DCC7-0AF8-4D95-8006-608D4DCC7B4C}.Debug|x86.Build.0 = Debug|Any CPU
		{1957DCC7-0AF8-4D95-8006-608D4DCC7B4C}.Release|Any CPU.ActiveCfg = Release|Any CPU
		{1957DCC7-0AF8-4D95-8006-608D4DCC7B4C}.Release|Any CPU.Build.0 = Release|Any CPU
		{1957DCC7-0AF8-4D95-8006-608D4DCC7B4C}.Release|ARM.ActiveCfg = Release|Any CPU
		{1957DCC7-0AF8-4D95-8006-608D4DCC7B4C}.Release|ARM.Build.0 = Release|Any CPU
		{1957DCC7-0AF8-4D95-8006-608D4DCC7B4C}.Release|ARM64.ActiveCfg = Release|Any CPU
		{1957DCC7-0AF8-4D95-8006-608D4DCC7B4C}.Release|ARM64.Build.0 = Release|Any CPU
		{1957DCC7-0AF8-4D95-8006-608D4DCC7B4C}.Release|iPhone.ActiveCfg = Release|Any CPU
		{1957DCC7-0AF8-4D95-8006-608D4DCC7B4C}.Release|iPhone.Build.0 = Release|Any CPU
		{1957DCC7-0AF8-4D95-8006-608D4DCC7B4C}.Release|iPhoneSimulator.ActiveCfg = Release|Any CPU
		{1957DCC7-0AF8-4D95-8006-608D4DCC7B4C}.Release|iPhoneSimulator.Build.0 = Release|Any CPU
		{1957DCC7-0AF8-4D95-8006-608D4DCC7B4C}.Release|x64.ActiveCfg = Release|Any CPU
		{1957DCC7-0AF8-4D95-8006-608D4DCC7B4C}.Release|x64.Build.0 = Release|Any CPU
		{1957DCC7-0AF8-4D95-8006-608D4DCC7B4C}.Release|x86.ActiveCfg = Release|Any CPU
		{1957DCC7-0AF8-4D95-8006-608D4DCC7B4C}.Release|x86.Build.0 = Release|Any CPU
		{E995F8A8-B830-49B5-9367-2109822287F0}.Ad-Hoc|Any CPU.ActiveCfg = Debug|Any CPU
		{E995F8A8-B830-49B5-9367-2109822287F0}.Ad-Hoc|Any CPU.Build.0 = Debug|Any CPU
		{E995F8A8-B830-49B5-9367-2109822287F0}.Ad-Hoc|ARM.ActiveCfg = Debug|Any CPU
		{E995F8A8-B830-49B5-9367-2109822287F0}.Ad-Hoc|ARM.Build.0 = Debug|Any CPU
		{E995F8A8-B830-49B5-9367-2109822287F0}.Ad-Hoc|ARM64.ActiveCfg = Debug|Any CPU
		{E995F8A8-B830-49B5-9367-2109822287F0}.Ad-Hoc|ARM64.Build.0 = Debug|Any CPU
		{E995F8A8-B830-49B5-9367-2109822287F0}.Ad-Hoc|iPhone.ActiveCfg = Debug|Any CPU
		{E995F8A8-B830-49B5-9367-2109822287F0}.Ad-Hoc|iPhone.Build.0 = Debug|Any CPU
		{E995F8A8-B830-49B5-9367-2109822287F0}.Ad-Hoc|iPhoneSimulator.ActiveCfg = Debug|Any CPU
		{E995F8A8-B830-49B5-9367-2109822287F0}.Ad-Hoc|iPhoneSimulator.Build.0 = Debug|Any CPU
		{E995F8A8-B830-49B5-9367-2109822287F0}.Ad-Hoc|x64.ActiveCfg = Debug|Any CPU
		{E995F8A8-B830-49B5-9367-2109822287F0}.Ad-Hoc|x64.Build.0 = Debug|Any CPU
		{E995F8A8-B830-49B5-9367-2109822287F0}.Ad-Hoc|x86.ActiveCfg = Debug|Any CPU
		{E995F8A8-B830-49B5-9367-2109822287F0}.Ad-Hoc|x86.Build.0 = Debug|Any CPU
		{E995F8A8-B830-49B5-9367-2109822287F0}.AppStore|Any CPU.ActiveCfg = Debug|Any CPU
		{E995F8A8-B830-49B5-9367-2109822287F0}.AppStore|Any CPU.Build.0 = Debug|Any CPU
		{E995F8A8-B830-49B5-9367-2109822287F0}.AppStore|ARM.ActiveCfg = Debug|Any CPU
		{E995F8A8-B830-49B5-9367-2109822287F0}.AppStore|ARM.Build.0 = Debug|Any CPU
		{E995F8A8-B830-49B5-9367-2109822287F0}.AppStore|ARM64.ActiveCfg = Debug|Any CPU
		{E995F8A8-B830-49B5-9367-2109822287F0}.AppStore|ARM64.Build.0 = Debug|Any CPU
		{E995F8A8-B830-49B5-9367-2109822287F0}.AppStore|iPhone.ActiveCfg = Debug|Any CPU
		{E995F8A8-B830-49B5-9367-2109822287F0}.AppStore|iPhone.Build.0 = Debug|Any CPU
		{E995F8A8-B830-49B5-9367-2109822287F0}.AppStore|iPhoneSimulator.ActiveCfg = Debug|Any CPU
		{E995F8A8-B830-49B5-9367-2109822287F0}.AppStore|iPhoneSimulator.Build.0 = Debug|Any CPU
		{E995F8A8-B830-49B5-9367-2109822287F0}.AppStore|x64.ActiveCfg = Debug|Any CPU
		{E995F8A8-B830-49B5-9367-2109822287F0}.AppStore|x64.Build.0 = Debug|Any CPU
		{E995F8A8-B830-49B5-9367-2109822287F0}.AppStore|x86.ActiveCfg = Debug|Any CPU
		{E995F8A8-B830-49B5-9367-2109822287F0}.AppStore|x86.Build.0 = Debug|Any CPU
		{E995F8A8-B830-49B5-9367-2109822287F0}.Debug|Any CPU.ActiveCfg = Debug|Any CPU
		{E995F8A8-B830-49B5-9367-2109822287F0}.Debug|Any CPU.Build.0 = Debug|Any CPU
		{E995F8A8-B830-49B5-9367-2109822287F0}.Debug|ARM.ActiveCfg = Debug|Any CPU
		{E995F8A8-B830-49B5-9367-2109822287F0}.Debug|ARM.Build.0 = Debug|Any CPU
		{E995F8A8-B830-49B5-9367-2109822287F0}.Debug|ARM64.ActiveCfg = Debug|Any CPU
		{E995F8A8-B830-49B5-9367-2109822287F0}.Debug|ARM64.Build.0 = Debug|Any CPU
		{E995F8A8-B830-49B5-9367-2109822287F0}.Debug|iPhone.ActiveCfg = Debug|Any CPU
		{E995F8A8-B830-49B5-9367-2109822287F0}.Debug|iPhone.Build.0 = Debug|Any CPU
		{E995F8A8-B830-49B5-9367-2109822287F0}.Debug|iPhoneSimulator.ActiveCfg = Debug|Any CPU
		{E995F8A8-B830-49B5-9367-2109822287F0}.Debug|iPhoneSimulator.Build.0 = Debug|Any CPU
		{E995F8A8-B830-49B5-9367-2109822287F0}.Debug|x64.ActiveCfg = Debug|Any CPU
		{E995F8A8-B830-49B5-9367-2109822287F0}.Debug|x64.Build.0 = Debug|Any CPU
		{E995F8A8-B830-49B5-9367-2109822287F0}.Debug|x86.ActiveCfg = Debug|Any CPU
		{E995F8A8-B830-49B5-9367-2109822287F0}.Debug|x86.Build.0 = Debug|Any CPU
		{E995F8A8-B830-49B5-9367-2109822287F0}.Release|Any CPU.ActiveCfg = Release|Any CPU
		{E995F8A8-B830-49B5-9367-2109822287F0}.Release|Any CPU.Build.0 = Release|Any CPU
		{E995F8A8-B830-49B5-9367-2109822287F0}.Release|ARM.ActiveCfg = Release|Any CPU
		{E995F8A8-B830-49B5-9367-2109822287F0}.Release|ARM.Build.0 = Release|Any CPU
		{E995F8A8-B830-49B5-9367-2109822287F0}.Release|ARM64.ActiveCfg = Release|Any CPU
		{E995F8A8-B830-49B5-9367-2109822287F0}.Release|ARM64.Build.0 = Release|Any CPU
		{E995F8A8-B830-49B5-9367-2109822287F0}.Release|iPhone.ActiveCfg = Release|Any CPU
		{E995F8A8-B830-49B5-9367-2109822287F0}.Release|iPhone.Build.0 = Release|Any CPU
		{E995F8A8-B830-49B5-9367-2109822287F0}.Release|iPhoneSimulator.ActiveCfg = Release|Any CPU
		{E995F8A8-B830-49B5-9367-2109822287F0}.Release|iPhoneSimulator.Build.0 = Release|Any CPU
		{E995F8A8-B830-49B5-9367-2109822287F0}.Release|x64.ActiveCfg = Release|Any CPU
		{E995F8A8-B830-49B5-9367-2109822287F0}.Release|x64.Build.0 = Release|Any CPU
		{E995F8A8-B830-49B5-9367-2109822287F0}.Release|x86.ActiveCfg = Release|Any CPU
		{E995F8A8-B830-49B5-9367-2109822287F0}.Release|x86.Build.0 = Release|Any CPU
	EndGlobalSection
	GlobalSection(SolutionProperties) = preSolution
		HideSolutionNode = FALSE
	EndGlobalSection
	GlobalSection(NestedProjects) = preSolution
		{D15599C8-3D59-463F-A39A-A9108E084098} = {129E8374-6E0F-4E27-B15C-2CFCBF18655B}
		{5E21BB13-6CC3-4BD7-9A80-EB789D48CEEE} = {129E8374-6E0F-4E27-B15C-2CFCBF18655B}
		{D194E108-6B5A-4BEE-9899-7ACB2A9E0484} = {129E8374-6E0F-4E27-B15C-2CFCBF18655B}
		{0C5B9186-878C-467D-A4D2-4F97A63A1459} = {129E8374-6E0F-4E27-B15C-2CFCBF18655B}
		{325095C2-664E-40AE-9ACD-A80C54717B2E} = {129E8374-6E0F-4E27-B15C-2CFCBF18655B}
		{7483C4DF-8F32-4A16-9905-C8FC79FB3BAA} = {129E8374-6E0F-4E27-B15C-2CFCBF18655B}
		{21F3575A-80C4-462B-88E7-68044A729723} = {129E8374-6E0F-4E27-B15C-2CFCBF18655B}
		{1957DCC7-0AF8-4D95-8006-608D4DCC7B4C} = {129E8374-6E0F-4E27-B15C-2CFCBF18655B}
		{E995F8A8-B830-49B5-9367-2109822287F0} = {129E8374-6E0F-4E27-B15C-2CFCBF18655B}
	EndGlobalSection
	GlobalSection(ExtensibilityGlobals) = postSolution
		SolutionGuid = {249E6CAF-1D90-44A6-A0F8-F0D3D9D2294F}
	EndGlobalSection
EndGlobal
